// !$*UTF8*$!
{
	archiveVersion = 1;
	classes = {
	};
	objectVersion = 56;
	objects = {

/* Begin PBXBuildFile section */
		C50151052B9608B60085F97A /* PokemonsRepositoryMock.swift in Sources */ = {isa = PBXBuildFile; fileRef = C50151042B9608B60085F97A /* PokemonsRepositoryMock.swift */; };
		C50151072B975BB60085F97A /* UrlSessionDataProviderMock.swift in Sources */ = {isa = PBXBuildFile; fileRef = C50151062B975BB60085F97A /* UrlSessionDataProviderMock.swift */; };
		C50151092B976B140085F97A /* PokemonsDataLoaderMock.swift in Sources */ = {isa = PBXBuildFile; fileRef = C50151082B976B140085F97A /* PokemonsDataLoaderMock.swift */; };
		C501510B2B976B590085F97A /* PokemonsListsGeneratorMock.swift in Sources */ = {isa = PBXBuildFile; fileRef = C501510A2B976B590085F97A /* PokemonsListsGeneratorMock.swift */; };
		C501510F2B976E9D0085F97A /* PokemonControllerDelegateMock.swift in Sources */ = {isa = PBXBuildFile; fileRef = C501510E2B976E9D0085F97A /* PokemonControllerDelegateMock.swift */; };
		C50151142B9799110085F97A /* PokemonDataConverterTest.swift in Sources */ = {isa = PBXBuildFile; fileRef = C50151132B9799110085F97A /* PokemonDataConverterTest.swift */; };
		C50151162B98EB960085F97A /* Debouncer.swift in Sources */ = {isa = PBXBuildFile; fileRef = C50151152B98EB960085F97A /* Debouncer.swift */; };
		C501511B2B99FCFD0085F97A /* DetailViewController.swift in Sources */ = {isa = PBXBuildFile; fileRef = C501511A2B99FCFD0085F97A /* DetailViewController.swift */; };
		C501511E2B9A071D0085F97A /* DetailControllerDelegate.swift in Sources */ = {isa = PBXBuildFile; fileRef = C501511D2B9A071D0085F97A /* DetailControllerDelegate.swift */; };
		C50151202B9A45510085F97A /* PresentationDelegate.swift in Sources */ = {isa = PBXBuildFile; fileRef = C501511F2B9A45510085F97A /* PresentationDelegate.swift */; };
		C50151232B9B40290085F97A /* DetailControllerDelegateMock.swift in Sources */ = {isa = PBXBuildFile; fileRef = C50151222B9B40290085F97A /* DetailControllerDelegateMock.swift */; };
		C505E51C2B8E13750047D0C2 /* PokemonControllerTest.swift in Sources */ = {isa = PBXBuildFile; fileRef = C505E51B2B8E13750047D0C2 /* PokemonControllerTest.swift */; };
		C505E5202B8FAE5B0047D0C2 /* PokemonCardModal.swift in Sources */ = {isa = PBXBuildFile; fileRef = C505E51F2B8FAE5B0047D0C2 /* PokemonCardModal.swift */; };
		C505E5232B8FB66E0047D0C2 /* PokemonsRepositoryTest.swift in Sources */ = {isa = PBXBuildFile; fileRef = C505E5222B8FB66E0047D0C2 /* PokemonsRepositoryTest.swift */; };
		C505E5252B8FC32E0047D0C2 /* UrlSessionDataProvider.swift in Sources */ = {isa = PBXBuildFile; fileRef = C505E5242B8FC32E0047D0C2 /* UrlSessionDataProvider.swift */; };
		C505E5272B9207AA0047D0C2 /* PokemonCardModel.swift in Sources */ = {isa = PBXBuildFile; fileRef = C505E5262B9207AA0047D0C2 /* PokemonCardModel.swift */; };
		C505E52A2B920CB70047D0C2 /* PokemonDataConverter.swift in Sources */ = {isa = PBXBuildFile; fileRef = C505E5292B920CB70047D0C2 /* PokemonDataConverter.swift */; };
		C53B2D022B8394BF00F11BC4 /* AlreadyLoadedPokemonsVerifier.swift in Sources */ = {isa = PBXBuildFile; fileRef = C53B2D012B8394BF00F11BC4 /* AlreadyLoadedPokemonsVerifier.swift */; };
		C53B2D0D2B839DF700F11BC4 /* PokemonApiConsumerTests.swift in Sources */ = {isa = PBXBuildFile; fileRef = C53B2D0C2B839DF700F11BC4 /* PokemonApiConsumerTests.swift */; };
		C53B2D162B839EA600F11BC4 /* AlreadyLoadedPokemonsVerifierTest.swift in Sources */ = {isa = PBXBuildFile; fileRef = C53B2D152B839EA600F11BC4 /* AlreadyLoadedPokemonsVerifierTest.swift */; };
		C53B2D182B83C8CA00F11BC4 /* PokemonsFinderTest.swift in Sources */ = {isa = PBXBuildFile; fileRef = C53B2D172B83C8CA00F11BC4 /* PokemonsFinderTest.swift */; };
		C53B2D242B85191100F11BC4 /* PokemonsDataLoaderTest.swift in Sources */ = {isa = PBXBuildFile; fileRef = C53B2D232B85191100F11BC4 /* PokemonsDataLoaderTest.swift */; };
		C554A6C32BA0D60800B2B92C /* PokemonsListingContentViewTest.swift in Sources */ = {isa = PBXBuildFile; fileRef = C554A6C22BA0D60800B2B92C /* PokemonsListingContentViewTest.swift */; };
		C554A6C82BA1C0F000B2B92C /* ModalContentViewTest.swift in Sources */ = {isa = PBXBuildFile; fileRef = C554A6C72BA1C0F000B2B92C /* ModalContentViewTest.swift */; };
		C554A6CA2BA1CC6100B2B92C /* ViewControllerTest.swift in Sources */ = {isa = PBXBuildFile; fileRef = C554A6C92BA1CC6100B2B92C /* ViewControllerTest.swift */; };
		C554A6CC2BA1CF3400B2B92C /* PokemonControllerMock.swift in Sources */ = {isa = PBXBuildFile; fileRef = C554A6CB2BA1CF3400B2B92C /* PokemonControllerMock.swift */; };
		C554A6D02BA3299B00B2B92C /* DetailViewControllerTest.swift in Sources */ = {isa = PBXBuildFile; fileRef = C554A6CF2BA3299B00B2B92C /* DetailViewControllerTest.swift */; };
		C55FEA042B7E8BB0008BB6C8 /* PokemonsListingContentView.swift in Sources */ = {isa = PBXBuildFile; fileRef = C55FEA032B7E8BB0008BB6C8 /* PokemonsListingContentView.swift */; };
		C57DA0DD2B8798D200B21209 /* PokemonViewData.swift in Sources */ = {isa = PBXBuildFile; fileRef = C57DA0DC2B8798D200B21209 /* PokemonViewData.swift */; };
		C5862E372BA36C5100A7D214 /* PokemonApiConsumerUITestsLaunchTests.swift in Sources */ = {isa = PBXBuildFile; fileRef = C5862E362BA36C5100A7D214 /* PokemonApiConsumerUITestsLaunchTests.swift */; };
		C5862E412BA36EAE00A7D214 /* ViewControllerUITests.swift in Sources */ = {isa = PBXBuildFile; fileRef = C5862E402BA36EAE00A7D214 /* ViewControllerUITests.swift */; };
		C5BAA5BA2B6924EC00D99745 /* AppDelegate.swift in Sources */ = {isa = PBXBuildFile; fileRef = C5BAA5B92B6924EC00D99745 /* AppDelegate.swift */; };
		C5BAA5BC2B6924EC00D99745 /* SceneDelegate.swift in Sources */ = {isa = PBXBuildFile; fileRef = C5BAA5BB2B6924EC00D99745 /* SceneDelegate.swift */; };
		C5BAA5BE2B6924EC00D99745 /* ViewController.swift in Sources */ = {isa = PBXBuildFile; fileRef = C5BAA5BD2B6924EC00D99745 /* ViewController.swift */; };
		C5BAA5C32B6924EF00D99745 /* Assets.xcassets in Resources */ = {isa = PBXBuildFile; fileRef = C5BAA5C22B6924EF00D99745 /* Assets.xcassets */; };
		C5BAA5C62B6924EF00D99745 /* LaunchScreen.storyboard in Resources */ = {isa = PBXBuildFile; fileRef = C5BAA5C42B6924EF00D99745 /* LaunchScreen.storyboard */; };
		C5BAA5D22B69795600D99745 /* PokemonsRepository.swift in Sources */ = {isa = PBXBuildFile; fileRef = C5BAA5D12B69795600D99745 /* PokemonsRepository.swift */; };
		C5BAA5D52B697BC400D99745 /* PokemonDataModel.swift in Sources */ = {isa = PBXBuildFile; fileRef = C5BAA5D42B697BC400D99745 /* PokemonDataModel.swift */; };
		C5BAA5DA2B6A6A1800D99745 /* PokemonsDataLoader.swift in Sources */ = {isa = PBXBuildFile; fileRef = C5BAA5D92B6A6A1800D99745 /* PokemonsDataLoader.swift */; };
		C5BAA5DC2B6BBCFA00D99745 /* PokemonControllerDelegate.swift in Sources */ = {isa = PBXBuildFile; fileRef = C5BAA5DB2B6BBCFA00D99745 /* PokemonControllerDelegate.swift */; };
		C5BAA5DE2B6BC65B00D99745 /* PokemonController.swift in Sources */ = {isa = PBXBuildFile; fileRef = C5BAA5DD2B6BC65B00D99745 /* PokemonController.swift */; };
		C5BAA5E62B6D387C00D99745 /* PokemonsTableView.swift in Sources */ = {isa = PBXBuildFile; fileRef = C5BAA5E52B6D387C00D99745 /* PokemonsTableView.swift */; };
		C5C70BD12B713285001EB8B0 /* PokemonsLoaderIndicatorView.swift in Sources */ = {isa = PBXBuildFile; fileRef = C5C70BD02B713285001EB8B0 /* PokemonsLoaderIndicatorView.swift */; };
		C5C70BD92B752123001EB8B0 /* PokemonsFinder.swift in Sources */ = {isa = PBXBuildFile; fileRef = C5C70BD82B752123001EB8B0 /* PokemonsFinder.swift */; };
		C5DC7DCA2B755758000F0CC6 /* CustomCellContent.swift in Sources */ = {isa = PBXBuildFile; fileRef = C5DC7DC92B755758000F0CC6 /* CustomCellContent.swift */; };
		C5F48FBF2B9F78FB006A0BA5 /* CloseButton.swift in Sources */ = {isa = PBXBuildFile; fileRef = C5F48FBE2B9F78FB006A0BA5 /* CloseButton.swift */; };
		C5F48FC12B9F7A33006A0BA5 /* DetailTitle.swift in Sources */ = {isa = PBXBuildFile; fileRef = C5F48FC02B9F7A33006A0BA5 /* DetailTitle.swift */; };
		C5F48FC32B9F7A89006A0BA5 /* ErrorComponent.swift in Sources */ = {isa = PBXBuildFile; fileRef = C5F48FC22B9F7A89006A0BA5 /* ErrorComponent.swift */; };
		C5F48FC52B9F7C8E006A0BA5 /* ModalContentView.swift in Sources */ = {isa = PBXBuildFile; fileRef = C5F48FC42B9F7C8E006A0BA5 /* ModalContentView.swift */; };
/* End PBXBuildFile section */

/* Begin PBXContainerItemProxy section */
		C53B2D0E2B839DF700F11BC4 /* PBXContainerItemProxy */ = {
			isa = PBXContainerItemProxy;
			containerPortal = C5BAA5AE2B6924EC00D99745 /* Project object */;
			proxyType = 1;
			remoteGlobalIDString = C5BAA5B52B6924EC00D99745;
			remoteInfo = PokemonApiConsumer;
		};
		C5862E382BA36C5100A7D214 /* PBXContainerItemProxy */ = {
			isa = PBXContainerItemProxy;
			containerPortal = C5BAA5AE2B6924EC00D99745 /* Project object */;
			proxyType = 1;
			remoteGlobalIDString = C5BAA5B52B6924EC00D99745;
			remoteInfo = PokemonApiConsumer;
		};
/* End PBXContainerItemProxy section */

/* Begin PBXFileReference section */
		C50151042B9608B60085F97A /* PokemonsRepositoryMock.swift */ = {isa = PBXFileReference; lastKnownFileType = sourcecode.swift; path = PokemonsRepositoryMock.swift; sourceTree = "<group>"; };
		C50151062B975BB60085F97A /* UrlSessionDataProviderMock.swift */ = {isa = PBXFileReference; lastKnownFileType = sourcecode.swift; path = UrlSessionDataProviderMock.swift; sourceTree = "<group>"; };
		C50151082B976B140085F97A /* PokemonsDataLoaderMock.swift */ = {isa = PBXFileReference; lastKnownFileType = sourcecode.swift; path = PokemonsDataLoaderMock.swift; sourceTree = "<group>"; };
		C501510A2B976B590085F97A /* PokemonsListsGeneratorMock.swift */ = {isa = PBXFileReference; lastKnownFileType = sourcecode.swift; path = PokemonsListsGeneratorMock.swift; sourceTree = "<group>"; };
		C501510E2B976E9D0085F97A /* PokemonControllerDelegateMock.swift */ = {isa = PBXFileReference; lastKnownFileType = sourcecode.swift; path = PokemonControllerDelegateMock.swift; sourceTree = "<group>"; };
		C50151132B9799110085F97A /* PokemonDataConverterTest.swift */ = {isa = PBXFileReference; lastKnownFileType = sourcecode.swift; path = PokemonDataConverterTest.swift; sourceTree = "<group>"; };
		C50151152B98EB960085F97A /* Debouncer.swift */ = {isa = PBXFileReference; lastKnownFileType = sourcecode.swift; path = Debouncer.swift; sourceTree = "<group>"; };
		C501511A2B99FCFD0085F97A /* DetailViewController.swift */ = {isa = PBXFileReference; lastKnownFileType = sourcecode.swift; path = DetailViewController.swift; sourceTree = "<group>"; };
		C501511D2B9A071D0085F97A /* DetailControllerDelegate.swift */ = {isa = PBXFileReference; lastKnownFileType = sourcecode.swift; path = DetailControllerDelegate.swift; sourceTree = "<group>"; };
		C501511F2B9A45510085F97A /* PresentationDelegate.swift */ = {isa = PBXFileReference; lastKnownFileType = sourcecode.swift; path = PresentationDelegate.swift; sourceTree = "<group>"; };
		C50151222B9B40290085F97A /* DetailControllerDelegateMock.swift */ = {isa = PBXFileReference; lastKnownFileType = sourcecode.swift; path = DetailControllerDelegateMock.swift; sourceTree = "<group>"; };
		C505E51B2B8E13750047D0C2 /* PokemonControllerTest.swift */ = {isa = PBXFileReference; lastKnownFileType = sourcecode.swift; path = PokemonControllerTest.swift; sourceTree = "<group>"; };
		C505E51F2B8FAE5B0047D0C2 /* PokemonCardModal.swift */ = {isa = PBXFileReference; lastKnownFileType = sourcecode.swift; path = PokemonCardModal.swift; sourceTree = "<group>"; };
		C505E5222B8FB66E0047D0C2 /* PokemonsRepositoryTest.swift */ = {isa = PBXFileReference; lastKnownFileType = sourcecode.swift; path = PokemonsRepositoryTest.swift; sourceTree = "<group>"; };
		C505E5242B8FC32E0047D0C2 /* UrlSessionDataProvider.swift */ = {isa = PBXFileReference; lastKnownFileType = sourcecode.swift; path = UrlSessionDataProvider.swift; sourceTree = "<group>"; };
		C505E5262B9207AA0047D0C2 /* PokemonCardModel.swift */ = {isa = PBXFileReference; lastKnownFileType = sourcecode.swift; path = PokemonCardModel.swift; sourceTree = "<group>"; };
		C505E5292B920CB70047D0C2 /* PokemonDataConverter.swift */ = {isa = PBXFileReference; lastKnownFileType = sourcecode.swift; path = PokemonDataConverter.swift; sourceTree = "<group>"; };
		C53B2D012B8394BF00F11BC4 /* AlreadyLoadedPokemonsVerifier.swift */ = {isa = PBXFileReference; lastKnownFileType = sourcecode.swift; path = AlreadyLoadedPokemonsVerifier.swift; sourceTree = "<group>"; };
		C53B2D0A2B839DF700F11BC4 /* PokemonApiConsumerTests.xctest */ = {isa = PBXFileReference; explicitFileType = wrapper.cfbundle; includeInIndex = 0; path = PokemonApiConsumerTests.xctest; sourceTree = BUILT_PRODUCTS_DIR; };
		C53B2D0C2B839DF700F11BC4 /* PokemonApiConsumerTests.swift */ = {isa = PBXFileReference; lastKnownFileType = sourcecode.swift; path = PokemonApiConsumerTests.swift; sourceTree = "<group>"; };
		C53B2D152B839EA600F11BC4 /* AlreadyLoadedPokemonsVerifierTest.swift */ = {isa = PBXFileReference; lastKnownFileType = sourcecode.swift; path = AlreadyLoadedPokemonsVerifierTest.swift; sourceTree = "<group>"; };
		C53B2D172B83C8CA00F11BC4 /* PokemonsFinderTest.swift */ = {isa = PBXFileReference; lastKnownFileType = sourcecode.swift; path = PokemonsFinderTest.swift; sourceTree = "<group>"; };
		C53B2D232B85191100F11BC4 /* PokemonsDataLoaderTest.swift */ = {isa = PBXFileReference; lastKnownFileType = sourcecode.swift; path = PokemonsDataLoaderTest.swift; sourceTree = "<group>"; };
		C554A6C22BA0D60800B2B92C /* PokemonsListingContentViewTest.swift */ = {isa = PBXFileReference; lastKnownFileType = sourcecode.swift; path = PokemonsListingContentViewTest.swift; sourceTree = "<group>"; };
		C554A6C72BA1C0F000B2B92C /* ModalContentViewTest.swift */ = {isa = PBXFileReference; lastKnownFileType = sourcecode.swift; path = ModalContentViewTest.swift; sourceTree = "<group>"; };
		C554A6C92BA1CC6100B2B92C /* ViewControllerTest.swift */ = {isa = PBXFileReference; lastKnownFileType = sourcecode.swift; path = ViewControllerTest.swift; sourceTree = "<group>"; };
		C554A6CB2BA1CF3400B2B92C /* PokemonControllerMock.swift */ = {isa = PBXFileReference; lastKnownFileType = sourcecode.swift; path = PokemonControllerMock.swift; sourceTree = "<group>"; };
		C554A6CF2BA3299B00B2B92C /* DetailViewControllerTest.swift */ = {isa = PBXFileReference; lastKnownFileType = sourcecode.swift; path = DetailViewControllerTest.swift; sourceTree = "<group>"; };
		C55FEA032B7E8BB0008BB6C8 /* PokemonsListingContentView.swift */ = {isa = PBXFileReference; lastKnownFileType = sourcecode.swift; path = PokemonsListingContentView.swift; sourceTree = "<group>"; };
		C57DA0DC2B8798D200B21209 /* PokemonViewData.swift */ = {isa = PBXFileReference; lastKnownFileType = sourcecode.swift; path = PokemonViewData.swift; sourceTree = "<group>"; };
		C5862E322BA36C5100A7D214 /* PokemonApiConsumerUITests.xctest */ = {isa = PBXFileReference; explicitFileType = wrapper.cfbundle; includeInIndex = 0; path = PokemonApiConsumerUITests.xctest; sourceTree = BUILT_PRODUCTS_DIR; };
		C5862E362BA36C5100A7D214 /* PokemonApiConsumerUITestsLaunchTests.swift */ = {isa = PBXFileReference; lastKnownFileType = sourcecode.swift; path = PokemonApiConsumerUITestsLaunchTests.swift; sourceTree = "<group>"; };
		C5862E402BA36EAE00A7D214 /* ViewControllerUITests.swift */ = {isa = PBXFileReference; lastKnownFileType = sourcecode.swift; path = ViewControllerUITests.swift; sourceTree = "<group>"; };
		C5BAA5B62B6924EC00D99745 /* PokemonApiConsumer.app */ = {isa = PBXFileReference; explicitFileType = wrapper.application; includeInIndex = 0; path = PokemonApiConsumer.app; sourceTree = BUILT_PRODUCTS_DIR; };
		C5BAA5B92B6924EC00D99745 /* AppDelegate.swift */ = {isa = PBXFileReference; lastKnownFileType = sourcecode.swift; path = AppDelegate.swift; sourceTree = "<group>"; };
		C5BAA5BB2B6924EC00D99745 /* SceneDelegate.swift */ = {isa = PBXFileReference; lastKnownFileType = sourcecode.swift; path = SceneDelegate.swift; sourceTree = "<group>"; };
		C5BAA5BD2B6924EC00D99745 /* ViewController.swift */ = {isa = PBXFileReference; lastKnownFileType = sourcecode.swift; path = ViewController.swift; sourceTree = "<group>"; };
		C5BAA5C22B6924EF00D99745 /* Assets.xcassets */ = {isa = PBXFileReference; lastKnownFileType = folder.assetcatalog; path = Assets.xcassets; sourceTree = "<group>"; };
		C5BAA5C52B6924EF00D99745 /* Base */ = {isa = PBXFileReference; lastKnownFileType = file.storyboard; name = Base; path = Base.lproj/LaunchScreen.storyboard; sourceTree = "<group>"; };
		C5BAA5C72B6924EF00D99745 /* Info.plist */ = {isa = PBXFileReference; lastKnownFileType = text.plist.xml; path = Info.plist; sourceTree = "<group>"; };
		C5BAA5D12B69795600D99745 /* PokemonsRepository.swift */ = {isa = PBXFileReference; lastKnownFileType = sourcecode.swift; path = PokemonsRepository.swift; sourceTree = "<group>"; };
		C5BAA5D42B697BC400D99745 /* PokemonDataModel.swift */ = {isa = PBXFileReference; lastKnownFileType = sourcecode.swift; path = PokemonDataModel.swift; sourceTree = "<group>"; };
		C5BAA5D92B6A6A1800D99745 /* PokemonsDataLoader.swift */ = {isa = PBXFileReference; lastKnownFileType = sourcecode.swift; path = PokemonsDataLoader.swift; sourceTree = "<group>"; };
		C5BAA5DB2B6BBCFA00D99745 /* PokemonControllerDelegate.swift */ = {isa = PBXFileReference; lastKnownFileType = sourcecode.swift; path = PokemonControllerDelegate.swift; sourceTree = "<group>"; };
		C5BAA5DD2B6BC65B00D99745 /* PokemonController.swift */ = {isa = PBXFileReference; lastKnownFileType = sourcecode.swift; path = PokemonController.swift; sourceTree = "<group>"; };
		C5BAA5E52B6D387C00D99745 /* PokemonsTableView.swift */ = {isa = PBXFileReference; lastKnownFileType = sourcecode.swift; path = PokemonsTableView.swift; sourceTree = "<group>"; };
		C5C70BD02B713285001EB8B0 /* PokemonsLoaderIndicatorView.swift */ = {isa = PBXFileReference; lastKnownFileType = sourcecode.swift; path = PokemonsLoaderIndicatorView.swift; sourceTree = "<group>"; };
		C5C70BD82B752123001EB8B0 /* PokemonsFinder.swift */ = {isa = PBXFileReference; lastKnownFileType = sourcecode.swift; path = PokemonsFinder.swift; sourceTree = "<group>"; };
		C5DC7DC92B755758000F0CC6 /* CustomCellContent.swift */ = {isa = PBXFileReference; lastKnownFileType = sourcecode.swift; path = CustomCellContent.swift; sourceTree = "<group>"; };
		C5F48FBE2B9F78FB006A0BA5 /* CloseButton.swift */ = {isa = PBXFileReference; lastKnownFileType = sourcecode.swift; path = CloseButton.swift; sourceTree = "<group>"; };
		C5F48FC02B9F7A33006A0BA5 /* DetailTitle.swift */ = {isa = PBXFileReference; lastKnownFileType = sourcecode.swift; path = DetailTitle.swift; sourceTree = "<group>"; };
		C5F48FC22B9F7A89006A0BA5 /* ErrorComponent.swift */ = {isa = PBXFileReference; lastKnownFileType = sourcecode.swift; path = ErrorComponent.swift; sourceTree = "<group>"; };
		C5F48FC42B9F7C8E006A0BA5 /* ModalContentView.swift */ = {isa = PBXFileReference; lastKnownFileType = sourcecode.swift; path = ModalContentView.swift; sourceTree = "<group>"; };
/* End PBXFileReference section */

/* Begin PBXFrameworksBuildPhase section */
		C53B2D072B839DF700F11BC4 /* Frameworks */ = {
			isa = PBXFrameworksBuildPhase;
			buildActionMask = 2147483647;
			files = (
			);
			runOnlyForDeploymentPostprocessing = 0;
		};
		C5862E2F2BA36C5100A7D214 /* Frameworks */ = {
			isa = PBXFrameworksBuildPhase;
			buildActionMask = 2147483647;
			files = (
			);
			runOnlyForDeploymentPostprocessing = 0;
		};
		C5BAA5B32B6924EC00D99745 /* Frameworks */ = {
			isa = PBXFrameworksBuildPhase;
			buildActionMask = 2147483647;
			files = (
			);
			runOnlyForDeploymentPostprocessing = 0;
		};
/* End PBXFrameworksBuildPhase section */

/* Begin PBXGroup section */
		C50151032B9608770085F97A /* Mock */ = {
			isa = PBXGroup;
			children = (
				C50151042B9608B60085F97A /* PokemonsRepositoryMock.swift */,
				C50151062B975BB60085F97A /* UrlSessionDataProviderMock.swift */,
				C50151082B976B140085F97A /* PokemonsDataLoaderMock.swift */,
				C501510A2B976B590085F97A /* PokemonsListsGeneratorMock.swift */,
				C501510E2B976E9D0085F97A /* PokemonControllerDelegateMock.swift */,
				C50151222B9B40290085F97A /* DetailControllerDelegateMock.swift */,
				C554A6CB2BA1CF3400B2B92C /* PokemonControllerMock.swift */,
			);
			path = Mock;
			sourceTree = "<group>";
		};
		C50151102B9798BF0085F97A /* Converter */ = {
			isa = PBXGroup;
			children = (
				C50151132B9799110085F97A /* PokemonDataConverterTest.swift */,
			);
			path = Converter;
			sourceTree = "<group>";
		};
		C50151172B98EC890085F97A /* Helper */ = {
			isa = PBXGroup;
			children = (
				C50151152B98EB960085F97A /* Debouncer.swift */,
			);
			path = Helper;
			sourceTree = "<group>";
		};
		C50151182B99FC2B0085F97A /* PokemonsListing */ = {
			isa = PBXGroup;
			children = (
				C55FEA022B7E8AEB008BB6C8 /* Components */,
				C5BAA5E42B6D37E400D99745 /* ContentView */,
				C5BAA5BD2B6924EC00D99745 /* ViewController.swift */,
			);
			path = PokemonsListing;
			sourceTree = "<group>";
		};
		C50151192B99FCD90085F97A /* PokemonDetail */ = {
			isa = PBXGroup;
			children = (
				C5F48FBD2B9F78B1006A0BA5 /* Components */,
				C50151212B9B31950085F97A /* ContentView */,
				C501511C2B9A07060085F97A /* Controller */,
				C501511A2B99FCFD0085F97A /* DetailViewController.swift */,
				C501511F2B9A45510085F97A /* PresentationDelegate.swift */,
			);
			path = PokemonDetail;
			sourceTree = "<group>";
		};
		C501511C2B9A07060085F97A /* Controller */ = {
			isa = PBXGroup;
			children = (
				C501511D2B9A071D0085F97A /* DetailControllerDelegate.swift */,
			);
			path = Controller;
			sourceTree = "<group>";
		};
		C50151212B9B31950085F97A /* ContentView */ = {
			isa = PBXGroup;
			children = (
				C5F48FC42B9F7C8E006A0BA5 /* ModalContentView.swift */,
			);
			path = ContentView;
			sourceTree = "<group>";
		};
		C505E51A2B8E134E0047D0C2 /* Controller */ = {
			isa = PBXGroup;
			children = (
				C505E51B2B8E13750047D0C2 /* PokemonControllerTest.swift */,
			);
			name = Controller;
			path = Services/Controller;
			sourceTree = "<group>";
		};
		C505E5212B8FB6590047D0C2 /* Repository */ = {
			isa = PBXGroup;
			children = (
				C505E5222B8FB66E0047D0C2 /* PokemonsRepositoryTest.swift */,
			);
			name = Repository;
			path = Services/Repository;
			sourceTree = "<group>";
		};
		C505E5282B920C890047D0C2 /* Converter */ = {
			isa = PBXGroup;
			children = (
				C505E5292B920CB70047D0C2 /* PokemonDataConverter.swift */,
			);
			path = Converter;
			sourceTree = "<group>";
		};
		C53B2CF92B8392B600F11BC4 /* Modules */ = {
			isa = PBXGroup;
			children = (
				C5BAA5CD2B69773300D99745 /* Home */,
			);
			path = Modules;
			sourceTree = "<group>";
		};
		C53B2CFB2B8393D700F11BC4 /* Modules */ = {
			isa = PBXGroup;
			children = (
				C53B2CFC2B8393DF00F11BC4 /* Home */,
			);
			path = Modules;
			sourceTree = "<group>";
		};
		C53B2CFC2B8393DF00F11BC4 /* Home */ = {
			isa = PBXGroup;
			children = (
				C554A6C02BA0D5CD00B2B92C /* View */,
				C505E5212B8FB6590047D0C2 /* Repository */,
				C505E51A2B8E134E0047D0C2 /* Controller */,
				C53B2CFD2B8393F300F11BC4 /* Services */,
			);
			path = Home;
			sourceTree = "<group>";
		};
		C53B2CFD2B8393F300F11BC4 /* Services */ = {
			isa = PBXGroup;
			children = (
				C50151102B9798BF0085F97A /* Converter */,
				C53B2D032B839C0300F11BC4 /* Verifier */,
				C53B2D172B83C8CA00F11BC4 /* PokemonsFinderTest.swift */,
				C53B2D232B85191100F11BC4 /* PokemonsDataLoaderTest.swift */,
			);
			path = Services;
			sourceTree = "<group>";
		};
		C53B2D002B83947C00F11BC4 /* Verifier */ = {
			isa = PBXGroup;
			children = (
				C53B2D012B8394BF00F11BC4 /* AlreadyLoadedPokemonsVerifier.swift */,
			);
			path = Verifier;
			sourceTree = "<group>";
		};
		C53B2D032B839C0300F11BC4 /* Verifier */ = {
			isa = PBXGroup;
			children = (
				C53B2D152B839EA600F11BC4 /* AlreadyLoadedPokemonsVerifierTest.swift */,
			);
			path = Verifier;
			sourceTree = "<group>";
		};
		C53B2D0B2B839DF700F11BC4 /* PokemonApiConsumerTests */ = {
			isa = PBXGroup;
			children = (
				C50151032B9608770085F97A /* Mock */,
				C53B2CFB2B8393D700F11BC4 /* Modules */,
				C53B2D0C2B839DF700F11BC4 /* PokemonApiConsumerTests.swift */,
			);
			path = PokemonApiConsumerTests;
			sourceTree = "<group>";
		};
		C554A6C02BA0D5CD00B2B92C /* View */ = {
			isa = PBXGroup;
			children = (
				C554A6D12BA3448E00B2B92C /* Unit */,
			);
			path = View;
			sourceTree = "<group>";
		};
		C554A6C12BA0D5DD00B2B92C /* ContentView */ = {
			isa = PBXGroup;
			children = (
				C554A6C22BA0D60800B2B92C /* PokemonsListingContentViewTest.swift */,
			);
			path = ContentView;
			sourceTree = "<group>";
		};
		C554A6C42BA1BFC600B2B92C /* PokemonsListing */ = {
			isa = PBXGroup;
			children = (
				C554A6C92BA1CC6100B2B92C /* ViewControllerTest.swift */,
				C554A6C12BA0D5DD00B2B92C /* ContentView */,
			);
			path = PokemonsListing;
			sourceTree = "<group>";
		};
		C554A6C52BA1BFD500B2B92C /* PokemonDetail */ = {
			isa = PBXGroup;
			children = (
				C554A6C62BA1BFF100B2B92C /* ContentView */,
				C554A6CF2BA3299B00B2B92C /* DetailViewControllerTest.swift */,
			);
			path = PokemonDetail;
			sourceTree = "<group>";
		};
		C554A6C62BA1BFF100B2B92C /* ContentView */ = {
			isa = PBXGroup;
			children = (
				C554A6C72BA1C0F000B2B92C /* ModalContentViewTest.swift */,
			);
			path = ContentView;
			sourceTree = "<group>";
		};
		C554A6D12BA3448E00B2B92C /* Unit */ = {
			isa = PBXGroup;
			children = (
				C554A6C52BA1BFD500B2B92C /* PokemonDetail */,
				C554A6C42BA1BFC600B2B92C /* PokemonsListing */,
			);
			path = Unit;
			sourceTree = "<group>";
		};
		C55FEA022B7E8AEB008BB6C8 /* Components */ = {
			isa = PBXGroup;
			children = (
				C5BAA5E52B6D387C00D99745 /* PokemonsTableView.swift */,
				C5C70BD02B713285001EB8B0 /* PokemonsLoaderIndicatorView.swift */,
				C5DC7DC92B755758000F0CC6 /* CustomCellContent.swift */,
			);
			path = Components;
			sourceTree = "<group>";
		};
		C5862E332BA36C5100A7D214 /* PokemonApiConsumerUITests */ = {
			isa = PBXGroup;
			children = (
				C5862E3D2BA36C8600A7D214 /* Home */,
				C5862E362BA36C5100A7D214 /* PokemonApiConsumerUITestsLaunchTests.swift */,
			);
			path = PokemonApiConsumerUITests;
			sourceTree = "<group>";
		};
		C5862E3D2BA36C8600A7D214 /* Home */ = {
			isa = PBXGroup;
			children = (
				C5862E402BA36EAE00A7D214 /* ViewControllerUITests.swift */,
			);
			path = Home;
			sourceTree = "<group>";
		};
		C5BAA5AD2B6924EC00D99745 = {
			isa = PBXGroup;
			children = (
				C5BAA5B82B6924EC00D99745 /* PokemonApiConsumer */,
				C53B2D0B2B839DF700F11BC4 /* PokemonApiConsumerTests */,
				C5862E332BA36C5100A7D214 /* PokemonApiConsumerUITests */,
				C5BAA5B72B6924EC00D99745 /* Products */,
			);
			sourceTree = "<group>";
		};
		C5BAA5B72B6924EC00D99745 /* Products */ = {
			isa = PBXGroup;
			children = (
				C5BAA5B62B6924EC00D99745 /* PokemonApiConsumer.app */,
				C53B2D0A2B839DF700F11BC4 /* PokemonApiConsumerTests.xctest */,
				C5862E322BA36C5100A7D214 /* PokemonApiConsumerUITests.xctest */,
			);
			name = Products;
			sourceTree = "<group>";
		};
		C5BAA5B82B6924EC00D99745 /* PokemonApiConsumer */ = {
			isa = PBXGroup;
			children = (
				C53B2CF92B8392B600F11BC4 /* Modules */,
				C5BAA5B92B6924EC00D99745 /* AppDelegate.swift */,
				C5BAA5BB2B6924EC00D99745 /* SceneDelegate.swift */,
				C5BAA5C22B6924EF00D99745 /* Assets.xcassets */,
				C5BAA5C42B6924EF00D99745 /* LaunchScreen.storyboard */,
				C5BAA5C72B6924EF00D99745 /* Info.plist */,
			);
			path = PokemonApiConsumer;
			sourceTree = "<group>";
		};
		C5BAA5CD2B69773300D99745 /* Home */ = {
			isa = PBXGroup;
			children = (
				C50151172B98EC890085F97A /* Helper */,
				C5BAA5D82B6A69F600D99745 /* Services */,
				C5BAA5D32B697B4E00D99745 /* Models */,
				C5BAA5D02B69792500D99745 /* Repository */,
				C5BAA5CF2B69791A00D99745 /* View */,
				C5BAA5CE2B6978FF00D99745 /* Controller */,
			);
			path = Home;
			sourceTree = "<group>";
		};
		C5BAA5CE2B6978FF00D99745 /* Controller */ = {
			isa = PBXGroup;
			children = (
				C5BAA5DB2B6BBCFA00D99745 /* PokemonControllerDelegate.swift */,
				C5BAA5DD2B6BC65B00D99745 /* PokemonController.swift */,
			);
			path = Controller;
			sourceTree = "<group>";
		};
		C5BAA5CF2B69791A00D99745 /* View */ = {
			isa = PBXGroup;
			children = (
				C50151192B99FCD90085F97A /* PokemonDetail */,
				C50151182B99FC2B0085F97A /* PokemonsListing */,
			);
			path = View;
			sourceTree = "<group>";
		};
		C5BAA5D02B69792500D99745 /* Repository */ = {
			isa = PBXGroup;
			children = (
				C5BAA5D12B69795600D99745 /* PokemonsRepository.swift */,
				C505E5242B8FC32E0047D0C2 /* UrlSessionDataProvider.swift */,
			);
			path = Repository;
			sourceTree = "<group>";
		};
		C5BAA5D32B697B4E00D99745 /* Models */ = {
			isa = PBXGroup;
			children = (
				C5BAA5D42B697BC400D99745 /* PokemonDataModel.swift */,
				C57DA0DC2B8798D200B21209 /* PokemonViewData.swift */,
				C505E5262B9207AA0047D0C2 /* PokemonCardModel.swift */,
			);
			path = Models;
			sourceTree = "<group>";
		};
		C5BAA5D82B6A69F600D99745 /* Services */ = {
			isa = PBXGroup;
			children = (
				C505E5282B920C890047D0C2 /* Converter */,
				C53B2D002B83947C00F11BC4 /* Verifier */,
				C5BAA5D92B6A6A1800D99745 /* PokemonsDataLoader.swift */,
				C5C70BD82B752123001EB8B0 /* PokemonsFinder.swift */,
			);
			path = Services;
			sourceTree = "<group>";
		};
		C5BAA5E42B6D37E400D99745 /* ContentView */ = {
			isa = PBXGroup;
			children = (
				C55FEA032B7E8BB0008BB6C8 /* PokemonsListingContentView.swift */,
			);
			path = ContentView;
			sourceTree = "<group>";
		};
		C5F48FBD2B9F78B1006A0BA5 /* Components */ = {
			isa = PBXGroup;
			children = (
				C505E51F2B8FAE5B0047D0C2 /* PokemonCardModal.swift */,
				C5F48FBE2B9F78FB006A0BA5 /* CloseButton.swift */,
				C5F48FC02B9F7A33006A0BA5 /* DetailTitle.swift */,
				C5F48FC22B9F7A89006A0BA5 /* ErrorComponent.swift */,
			);
			path = Components;
			sourceTree = "<group>";
		};
/* End PBXGroup section */

/* Begin PBXNativeTarget section */
		C53B2D092B839DF700F11BC4 /* PokemonApiConsumerTests */ = {
			isa = PBXNativeTarget;
			buildConfigurationList = C53B2D102B839DF700F11BC4 /* Build configuration list for PBXNativeTarget "PokemonApiConsumerTests" */;
			buildPhases = (
				C53B2D062B839DF700F11BC4 /* Sources */,
				C53B2D072B839DF700F11BC4 /* Frameworks */,
				C53B2D082B839DF700F11BC4 /* Resources */,
			);
			buildRules = (
			);
			dependencies = (
				C53B2D0F2B839DF700F11BC4 /* PBXTargetDependency */,
			);
			name = PokemonApiConsumerTests;
			productName = PokemonApiConsumerTests;
			productReference = C53B2D0A2B839DF700F11BC4 /* PokemonApiConsumerTests.xctest */;
			productType = "com.apple.product-type.bundle.unit-test";
		};
		C5862E312BA36C5100A7D214 /* PokemonApiConsumerUITests */ = {
			isa = PBXNativeTarget;
			buildConfigurationList = C5862E3C2BA36C5100A7D214 /* Build configuration list for PBXNativeTarget "PokemonApiConsumerUITests" */;
			buildPhases = (
				C5862E2E2BA36C5100A7D214 /* Sources */,
				C5862E2F2BA36C5100A7D214 /* Frameworks */,
				C5862E302BA36C5100A7D214 /* Resources */,
			);
			buildRules = (
			);
			dependencies = (
				C5862E392BA36C5100A7D214 /* PBXTargetDependency */,
			);
			name = PokemonApiConsumerUITests;
			productName = PokemonApiConsumerUITests;
			productReference = C5862E322BA36C5100A7D214 /* PokemonApiConsumerUITests.xctest */;
			productType = "com.apple.product-type.bundle.ui-testing";
		};
		C5BAA5B52B6924EC00D99745 /* PokemonApiConsumer */ = {
			isa = PBXNativeTarget;
			buildConfigurationList = C5BAA5CA2B6924EF00D99745 /* Build configuration list for PBXNativeTarget "PokemonApiConsumer" */;
			buildPhases = (
				C5BAA5B22B6924EC00D99745 /* Sources */,
				C5BAA5B32B6924EC00D99745 /* Frameworks */,
				C5BAA5B42B6924EC00D99745 /* Resources */,
			);
			buildRules = (
			);
			dependencies = (
			);
			name = PokemonApiConsumer;
			productName = PokemonApiConsumer;
			productReference = C5BAA5B62B6924EC00D99745 /* PokemonApiConsumer.app */;
			productType = "com.apple.product-type.application";
		};
/* End PBXNativeTarget section */

/* Begin PBXProject section */
		C5BAA5AE2B6924EC00D99745 /* Project object */ = {
			isa = PBXProject;
			attributes = {
				BuildIndependentTargetsInParallel = YES;
				LastSwiftUpdateCheck = 1420;
				LastUpgradeCheck = 1420;
				TargetAttributes = {
					C53B2D092B839DF700F11BC4 = {
						CreatedOnToolsVersion = 14.2;
						TestTargetID = C5BAA5B52B6924EC00D99745;
					};
					C5862E312BA36C5100A7D214 = {
						CreatedOnToolsVersion = 14.2;
						TestTargetID = C5BAA5B52B6924EC00D99745;
					};
					C5BAA5B52B6924EC00D99745 = {
						CreatedOnToolsVersion = 14.2;
					};
				};
			};
			buildConfigurationList = C5BAA5B12B6924EC00D99745 /* Build configuration list for PBXProject "PokemonApiConsumer" */;
			compatibilityVersion = "Xcode 14.0";
			developmentRegion = en;
			hasScannedForEncodings = 0;
			knownRegions = (
				en,
				Base,
			);
			mainGroup = C5BAA5AD2B6924EC00D99745;
			productRefGroup = C5BAA5B72B6924EC00D99745 /* Products */;
			projectDirPath = "";
			projectRoot = "";
			targets = (
				C5BAA5B52B6924EC00D99745 /* PokemonApiConsumer */,
				C53B2D092B839DF700F11BC4 /* PokemonApiConsumerTests */,
				C5862E312BA36C5100A7D214 /* PokemonApiConsumerUITests */,
			);
		};
/* End PBXProject section */

/* Begin PBXResourcesBuildPhase section */
		C53B2D082B839DF700F11BC4 /* Resources */ = {
			isa = PBXResourcesBuildPhase;
			buildActionMask = 2147483647;
			files = (
			);
			runOnlyForDeploymentPostprocessing = 0;
		};
		C5862E302BA36C5100A7D214 /* Resources */ = {
			isa = PBXResourcesBuildPhase;
			buildActionMask = 2147483647;
			files = (
			);
			runOnlyForDeploymentPostprocessing = 0;
		};
		C5BAA5B42B6924EC00D99745 /* Resources */ = {
			isa = PBXResourcesBuildPhase;
			buildActionMask = 2147483647;
			files = (
				C5BAA5C62B6924EF00D99745 /* LaunchScreen.storyboard in Resources */,
				C5BAA5C32B6924EF00D99745 /* Assets.xcassets in Resources */,
			);
			runOnlyForDeploymentPostprocessing = 0;
		};
/* End PBXResourcesBuildPhase section */

/* Begin PBXSourcesBuildPhase section */
		C53B2D062B839DF700F11BC4 /* Sources */ = {
			isa = PBXSourcesBuildPhase;
			buildActionMask = 2147483647;
			files = (
				C53B2D0D2B839DF700F11BC4 /* PokemonApiConsumerTests.swift in Sources */,
				C505E51C2B8E13750047D0C2 /* PokemonControllerTest.swift in Sources */,
				C53B2D242B85191100F11BC4 /* PokemonsDataLoaderTest.swift in Sources */,
				C554A6C32BA0D60800B2B92C /* PokemonsListingContentViewTest.swift in Sources */,
				C554A6CA2BA1CC6100B2B92C /* ViewControllerTest.swift in Sources */,
				C554A6C82BA1C0F000B2B92C /* ModalContentViewTest.swift in Sources */,
				C53B2D182B83C8CA00F11BC4 /* PokemonsFinderTest.swift in Sources */,
				C53B2D162B839EA600F11BC4 /* AlreadyLoadedPokemonsVerifierTest.swift in Sources */,
				C505E5232B8FB66E0047D0C2 /* PokemonsRepositoryTest.swift in Sources */,
				C50151142B9799110085F97A /* PokemonDataConverterTest.swift in Sources */,
				C554A6D02BA3299B00B2B92C /* DetailViewControllerTest.swift in Sources */,
			);
			runOnlyForDeploymentPostprocessing = 0;
		};
		C5862E2E2BA36C5100A7D214 /* Sources */ = {
			isa = PBXSourcesBuildPhase;
			buildActionMask = 2147483647;
			files = (
				C5862E372BA36C5100A7D214 /* PokemonApiConsumerUITestsLaunchTests.swift in Sources */,
				C5862E412BA36EAE00A7D214 /* ViewControllerUITests.swift in Sources */,
			);
			runOnlyForDeploymentPostprocessing = 0;
		};
		C5BAA5B22B6924EC00D99745 /* Sources */ = {
			isa = PBXSourcesBuildPhase;
			buildActionMask = 2147483647;
			files = (
				C50151052B9608B60085F97A /* PokemonsRepositoryMock.swift in Sources */,
				C554A6CC2BA1CF3400B2B92C /* PokemonControllerMock.swift in Sources */,
				C5F48FC12B9F7A33006A0BA5 /* DetailTitle.swift in Sources */,
				C5C70BD92B752123001EB8B0 /* PokemonsFinder.swift in Sources */,
				C505E5202B8FAE5B0047D0C2 /* PokemonCardModal.swift in Sources */,
				C505E5252B8FC32E0047D0C2 /* UrlSessionDataProvider.swift in Sources */,
				C5BAA5E62B6D387C00D99745 /* PokemonsTableView.swift in Sources */,
				C5BAA5DA2B6A6A1800D99745 /* PokemonsDataLoader.swift in Sources */,
				C501510B2B976B590085F97A /* PokemonsListsGeneratorMock.swift in Sources */,
				C5BAA5BE2B6924EC00D99745 /* ViewController.swift in Sources */,
				C5DC7DCA2B755758000F0CC6 /* CustomCellContent.swift in Sources */,
				C5F48FC52B9F7C8E006A0BA5 /* ModalContentView.swift in Sources */,
				C50151232B9B40290085F97A /* DetailControllerDelegateMock.swift in Sources */,
				C501511B2B99FCFD0085F97A /* DetailViewController.swift in Sources */,
				C50151072B975BB60085F97A /* UrlSessionDataProviderMock.swift in Sources */,
				C5BAA5D52B697BC400D99745 /* PokemonDataModel.swift in Sources */,
				C57DA0DD2B8798D200B21209 /* PokemonViewData.swift in Sources */,
				C5BAA5BA2B6924EC00D99745 /* AppDelegate.swift in Sources */,
				C5BAA5BC2B6924EC00D99745 /* SceneDelegate.swift in Sources */,
				C501511E2B9A071D0085F97A /* DetailControllerDelegate.swift in Sources */,
				C53B2D022B8394BF00F11BC4 /* AlreadyLoadedPokemonsVerifier.swift in Sources */,
				C505E52A2B920CB70047D0C2 /* PokemonDataConverter.swift in Sources */,
				C55FEA042B7E8BB0008BB6C8 /* PokemonsListingContentView.swift in Sources */,
				C5BAA5DC2B6BBCFA00D99745 /* PokemonControllerDelegate.swift in Sources */,
				C5BAA5D22B69795600D99745 /* PokemonsRepository.swift in Sources */,
				C5BAA5DE2B6BC65B00D99745 /* PokemonController.swift in Sources */,
				C5F48FC32B9F7A89006A0BA5 /* ErrorComponent.swift in Sources */,
				C50151202B9A45510085F97A /* PresentationDelegate.swift in Sources */,
				C5C70BD12B713285001EB8B0 /* PokemonsLoaderIndicatorView.swift in Sources */,
				C505E5272B9207AA0047D0C2 /* PokemonCardModel.swift in Sources */,
				C50151162B98EB960085F97A /* Debouncer.swift in Sources */,
				C5F48FBF2B9F78FB006A0BA5 /* CloseButton.swift in Sources */,
				C50151092B976B140085F97A /* PokemonsDataLoaderMock.swift in Sources */,
				C501510F2B976E9D0085F97A /* PokemonControllerDelegateMock.swift in Sources */,
			);
			runOnlyForDeploymentPostprocessing = 0;
		};
/* End PBXSourcesBuildPhase section */

/* Begin PBXTargetDependency section */
		C53B2D0F2B839DF700F11BC4 /* PBXTargetDependency */ = {
			isa = PBXTargetDependency;
			target = C5BAA5B52B6924EC00D99745 /* PokemonApiConsumer */;
			targetProxy = C53B2D0E2B839DF700F11BC4 /* PBXContainerItemProxy */;
		};
		C5862E392BA36C5100A7D214 /* PBXTargetDependency */ = {
			isa = PBXTargetDependency;
			target = C5BAA5B52B6924EC00D99745 /* PokemonApiConsumer */;
			targetProxy = C5862E382BA36C5100A7D214 /* PBXContainerItemProxy */;
		};
/* End PBXTargetDependency section */

/* Begin PBXVariantGroup section */
		C5BAA5C42B6924EF00D99745 /* LaunchScreen.storyboard */ = {
			isa = PBXVariantGroup;
			children = (
				C5BAA5C52B6924EF00D99745 /* Base */,
			);
			name = LaunchScreen.storyboard;
			sourceTree = "<group>";
		};
/* End PBXVariantGroup section */

/* Begin XCBuildConfiguration section */
		C53B2D112B839DF700F11BC4 /* Debug */ = {
			isa = XCBuildConfiguration;
			buildSettings = {
				BUNDLE_LOADER = "$(TEST_HOST)";
				CODE_SIGN_STYLE = Automatic;
				CURRENT_PROJECT_VERSION = 1;
				GENERATE_INFOPLIST_FILE = YES;
				MARKETING_VERSION = 1.0;
				PRODUCT_BUNDLE_IDENTIFIER = izadora.PokemonApiConsumerTests;
				PRODUCT_NAME = "$(TARGET_NAME)";
				SWIFT_EMIT_LOC_STRINGS = NO;
				SWIFT_VERSION = 5.0;
				TARGETED_DEVICE_FAMILY = "1,2";
				TEST_HOST = "$(BUILT_PRODUCTS_DIR)/PokemonApiConsumer.app/$(BUNDLE_EXECUTABLE_FOLDER_PATH)/PokemonApiConsumer";
			};
			name = Debug;
		};
		C53B2D122B839DF700F11BC4 /* Release */ = {
			isa = XCBuildConfiguration;
			buildSettings = {
				BUNDLE_LOADER = "$(TEST_HOST)";
				CODE_SIGN_STYLE = Automatic;
				CURRENT_PROJECT_VERSION = 1;
				GENERATE_INFOPLIST_FILE = YES;
				MARKETING_VERSION = 1.0;
				PRODUCT_BUNDLE_IDENTIFIER = izadora.PokemonApiConsumerTests;
				PRODUCT_NAME = "$(TARGET_NAME)";
				SWIFT_EMIT_LOC_STRINGS = NO;
				SWIFT_VERSION = 5.0;
				TARGETED_DEVICE_FAMILY = "1,2";
				TEST_HOST = "$(BUILT_PRODUCTS_DIR)/PokemonApiConsumer.app/$(BUNDLE_EXECUTABLE_FOLDER_PATH)/PokemonApiConsumer";
			};
			name = Release;
		};
		C5862E3A2BA36C5100A7D214 /* Debug */ = {
			isa = XCBuildConfiguration;
			buildSettings = {
				CODE_SIGN_STYLE = Automatic;
				CURRENT_PROJECT_VERSION = 1;
				GENERATE_INFOPLIST_FILE = YES;
				MARKETING_VERSION = 1.0;
				PRODUCT_BUNDLE_IDENTIFIER = izadora.PokemonApiConsumerUITests;
				PRODUCT_NAME = "$(TARGET_NAME)";
				SWIFT_EMIT_LOC_STRINGS = NO;
				SWIFT_VERSION = 5.0;
				TARGETED_DEVICE_FAMILY = "1,2";
				TEST_TARGET_NAME = PokemonApiConsumer;
			};
			name = Debug;
		};
		C5862E3B2BA36C5100A7D214 /* Release */ = {
			isa = XCBuildConfiguration;
			buildSettings = {
				CODE_SIGN_STYLE = Automatic;
				CURRENT_PROJECT_VERSION = 1;
				GENERATE_INFOPLIST_FILE = YES;
				MARKETING_VERSION = 1.0;
				PRODUCT_BUNDLE_IDENTIFIER = izadora.PokemonApiConsumerUITests;
				PRODUCT_NAME = "$(TARGET_NAME)";
				SWIFT_EMIT_LOC_STRINGS = NO;
				SWIFT_VERSION = 5.0;
				TARGETED_DEVICE_FAMILY = "1,2";
				TEST_TARGET_NAME = PokemonApiConsumer;
			};
			name = Release;
		};
		C5BAA5C82B6924EF00D99745 /* Debug */ = {
			isa = XCBuildConfiguration;
			buildSettings = {
				ALWAYS_SEARCH_USER_PATHS = NO;
				CLANG_ANALYZER_NONNULL = YES;
				CLANG_ANALYZER_NUMBER_OBJECT_CONVERSION = YES_AGGRESSIVE;
				CLANG_CXX_LANGUAGE_STANDARD = "gnu++20";
				CLANG_ENABLE_MODULES = YES;
				CLANG_ENABLE_OBJC_ARC = YES;
				CLANG_ENABLE_OBJC_WEAK = YES;
				CLANG_WARN_BLOCK_CAPTURE_AUTORELEASING = YES;
				CLANG_WARN_BOOL_CONVERSION = YES;
				CLANG_WARN_COMMA = YES;
				CLANG_WARN_CONSTANT_CONVERSION = YES;
				CLANG_WARN_DEPRECATED_OBJC_IMPLEMENTATIONS = YES;
				CLANG_WARN_DIRECT_OBJC_ISA_USAGE = YES_ERROR;
				CLANG_WARN_DOCUMENTATION_COMMENTS = YES;
				CLANG_WARN_EMPTY_BODY = YES;
				CLANG_WARN_ENUM_CONVERSION = YES;
				CLANG_WARN_INFINITE_RECURSION = YES;
				CLANG_WARN_INT_CONVERSION = YES;
				CLANG_WARN_NON_LITERAL_NULL_CONVERSION = YES;
				CLANG_WARN_OBJC_IMPLICIT_RETAIN_SELF = YES;
				CLANG_WARN_OBJC_LITERAL_CONVERSION = YES;
				CLANG_WARN_OBJC_ROOT_CLASS = YES_ERROR;
				CLANG_WARN_QUOTED_INCLUDE_IN_FRAMEWORK_HEADER = YES;
				CLANG_WARN_RANGE_LOOP_ANALYSIS = YES;
				CLANG_WARN_STRICT_PROTOTYPES = YES;
				CLANG_WARN_SUSPICIOUS_MOVE = YES;
				CLANG_WARN_UNGUARDED_AVAILABILITY = YES_AGGRESSIVE;
				CLANG_WARN_UNREACHABLE_CODE = YES;
				CLANG_WARN__DUPLICATE_METHOD_MATCH = YES;
				COPY_PHASE_STRIP = NO;
				DEBUG_INFORMATION_FORMAT = dwarf;
				ENABLE_STRICT_OBJC_MSGSEND = YES;
				ENABLE_TESTABILITY = YES;
				GCC_C_LANGUAGE_STANDARD = gnu11;
				GCC_DYNAMIC_NO_PIC = NO;
				GCC_NO_COMMON_BLOCKS = YES;
				GCC_OPTIMIZATION_LEVEL = 0;
				GCC_PREPROCESSOR_DEFINITIONS = (
					"DEBUG=1",
					"$(inherited)",
				);
				GCC_WARN_64_TO_32_BIT_CONVERSION = YES;
				GCC_WARN_ABOUT_RETURN_TYPE = YES_ERROR;
				GCC_WARN_UNDECLARED_SELECTOR = YES;
				GCC_WARN_UNINITIALIZED_AUTOS = YES_AGGRESSIVE;
				GCC_WARN_UNUSED_FUNCTION = YES;
				GCC_WARN_UNUSED_VARIABLE = YES;
				IPHONEOS_DEPLOYMENT_TARGET = 16.2;
				MTL_ENABLE_DEBUG_INFO = INCLUDE_SOURCE;
				MTL_FAST_MATH = YES;
				ONLY_ACTIVE_ARCH = YES;
				SDKROOT = iphoneos;
				SWIFT_ACTIVE_COMPILATION_CONDITIONS = DEBUG;
				SWIFT_OPTIMIZATION_LEVEL = "-Onone";
			};
			name = Debug;
		};
		C5BAA5C92B6924EF00D99745 /* Release */ = {
			isa = XCBuildConfiguration;
			buildSettings = {
				ALWAYS_SEARCH_USER_PATHS = NO;
				CLANG_ANALYZER_NONNULL = YES;
				CLANG_ANALYZER_NUMBER_OBJECT_CONVERSION = YES_AGGRESSIVE;
				CLANG_CXX_LANGUAGE_STANDARD = "gnu++20";
				CLANG_ENABLE_MODULES = YES;
				CLANG_ENABLE_OBJC_ARC = YES;
				CLANG_ENABLE_OBJC_WEAK = YES;
				CLANG_WARN_BLOCK_CAPTURE_AUTORELEASING = YES;
				CLANG_WARN_BOOL_CONVERSION = YES;
				CLANG_WARN_COMMA = YES;
				CLANG_WARN_CONSTANT_CONVERSION = YES;
				CLANG_WARN_DEPRECATED_OBJC_IMPLEMENTATIONS = YES;
				CLANG_WARN_DIRECT_OBJC_ISA_USAGE = YES_ERROR;
				CLANG_WARN_DOCUMENTATION_COMMENTS = YES;
				CLANG_WARN_EMPTY_BODY = YES;
				CLANG_WARN_ENUM_CONVERSION = YES;
				CLANG_WARN_INFINITE_RECURSION = YES;
				CLANG_WARN_INT_CONVERSION = YES;
				CLANG_WARN_NON_LITERAL_NULL_CONVERSION = YES;
				CLANG_WARN_OBJC_IMPLICIT_RETAIN_SELF = YES;
				CLANG_WARN_OBJC_LITERAL_CONVERSION = YES;
				CLANG_WARN_OBJC_ROOT_CLASS = YES_ERROR;
				CLANG_WARN_QUOTED_INCLUDE_IN_FRAMEWORK_HEADER = YES;
				CLANG_WARN_RANGE_LOOP_ANALYSIS = YES;
				CLANG_WARN_STRICT_PROTOTYPES = YES;
				CLANG_WARN_SUSPICIOUS_MOVE = YES;
				CLANG_WARN_UNGUARDED_AVAILABILITY = YES_AGGRESSIVE;
				CLANG_WARN_UNREACHABLE_CODE = YES;
				CLANG_WARN__DUPLICATE_METHOD_MATCH = YES;
				COPY_PHASE_STRIP = NO;
				DEBUG_INFORMATION_FORMAT = "dwarf-with-dsym";
				ENABLE_NS_ASSERTIONS = NO;
				ENABLE_STRICT_OBJC_MSGSEND = YES;
				GCC_C_LANGUAGE_STANDARD = gnu11;
				GCC_NO_COMMON_BLOCKS = YES;
				GCC_WARN_64_TO_32_BIT_CONVERSION = YES;
				GCC_WARN_ABOUT_RETURN_TYPE = YES_ERROR;
				GCC_WARN_UNDECLARED_SELECTOR = YES;
				GCC_WARN_UNINITIALIZED_AUTOS = YES_AGGRESSIVE;
				GCC_WARN_UNUSED_FUNCTION = YES;
				GCC_WARN_UNUSED_VARIABLE = YES;
				IPHONEOS_DEPLOYMENT_TARGET = 16.2;
				MTL_ENABLE_DEBUG_INFO = NO;
				MTL_FAST_MATH = YES;
				SDKROOT = iphoneos;
				SWIFT_COMPILATION_MODE = wholemodule;
				SWIFT_OPTIMIZATION_LEVEL = "-O";
				VALIDATE_PRODUCT = YES;
			};
			name = Release;
		};
		C5BAA5CB2B6924EF00D99745 /* Debug */ = {
			isa = XCBuildConfiguration;
			buildSettings = {
				ASSETCATALOG_COMPILER_APPICON_NAME = AppIcon;
				ASSETCATALOG_COMPILER_GLOBAL_ACCENT_COLOR_NAME = AccentColor;
				CODE_SIGN_STYLE = Automatic;
				CURRENT_PROJECT_VERSION = 1;
				GENERATE_INFOPLIST_FILE = YES;
				INFOPLIST_FILE = PokemonApiConsumer/Info.plist;
				INFOPLIST_KEY_UIApplicationSupportsIndirectInputEvents = YES;
				INFOPLIST_KEY_UILaunchStoryboardName = LaunchScreen;
				INFOPLIST_KEY_UIStatusBarStyle = "";
				INFOPLIST_KEY_UISupportedInterfaceOrientations_iPad = "UIInterfaceOrientationPortrait UIInterfaceOrientationPortraitUpsideDown UIInterfaceOrientationLandscapeLeft UIInterfaceOrientationLandscapeRight";
				INFOPLIST_KEY_UISupportedInterfaceOrientations_iPhone = "UIInterfaceOrientationPortrait UIInterfaceOrientationLandscapeLeft UIInterfaceOrientationLandscapeRight";
				LD_RUNPATH_SEARCH_PATHS = (
					"$(inherited)",
					"@executable_path/Frameworks",
				);
				MARKETING_VERSION = 1.0;
				PRODUCT_BUNDLE_IDENTIFIER = izadora.PokemonApiConsumer;
				PRODUCT_NAME = "$(TARGET_NAME)";
				SWIFT_EMIT_LOC_STRINGS = YES;
				SWIFT_VERSION = 5.0;
				TARGETED_DEVICE_FAMILY = "1,2";
			};
			name = Debug;
		};
		C5BAA5CC2B6924EF00D99745 /* Release */ = {
			isa = XCBuildConfiguration;
			buildSettings = {
				ASSETCATALOG_COMPILER_APPICON_NAME = AppIcon;
				ASSETCATALOG_COMPILER_GLOBAL_ACCENT_COLOR_NAME = AccentColor;
				CODE_SIGN_STYLE = Automatic;
				CURRENT_PROJECT_VERSION = 1;
				GENERATE_INFOPLIST_FILE = YES;
				INFOPLIST_FILE = PokemonApiConsumer/Info.plist;
				INFOPLIST_KEY_UIApplicationSupportsIndirectInputEvents = YES;
				INFOPLIST_KEY_UILaunchStoryboardName = LaunchScreen;
				INFOPLIST_KEY_UIStatusBarStyle = "";
				INFOPLIST_KEY_UISupportedInterfaceOrientations_iPad = "UIInterfaceOrientationPortrait UIInterfaceOrientationPortraitUpsideDown UIInterfaceOrientationLandscapeLeft UIInterfaceOrientationLandscapeRight";
				INFOPLIST_KEY_UISupportedInterfaceOrientations_iPhone = "UIInterfaceOrientationPortrait UIInterfaceOrientationLandscapeLeft UIInterfaceOrientationLandscapeRight";
				LD_RUNPATH_SEARCH_PATHS = (
					"$(inherited)",
					"@executable_path/Frameworks",
				);
				MARKETING_VERSION = 1.0;
				PRODUCT_BUNDLE_IDENTIFIER = izadora.PokemonApiConsumer;
				PRODUCT_NAME = "$(TARGET_NAME)";
				SWIFT_EMIT_LOC_STRINGS = YES;
				SWIFT_VERSION = 5.0;
				TARGETED_DEVICE_FAMILY = "1,2";
			};
			name = Release;
		};
/* End XCBuildConfiguration section */

/* Begin XCConfigurationList section */
		C53B2D102B839DF700F11BC4 /* Build configuration list for PBXNativeTarget "PokemonApiConsumerTests" */ = {
			isa = XCConfigurationList;
			buildConfigurations = (
				C53B2D112B839DF700F11BC4 /* Debug */,
				C53B2D122B839DF700F11BC4 /* Release */,
			);
			defaultConfigurationIsVisible = 0;
			defaultConfigurationName = Release;
		};
		C5862E3C2BA36C5100A7D214 /* Build configuration list for PBXNativeTarget "PokemonApiConsumerUITests" */ = {
			isa = XCConfigurationList;
			buildConfigurations = (
				C5862E3A2BA36C5100A7D214 /* Debug */,
				C5862E3B2BA36C5100A7D214 /* Release */,
			);
			defaultConfigurationIsVisible = 0;
			defaultConfigurationName = Release;
		};
		C5BAA5B12B6924EC00D99745 /* Build configuration list for PBXProject "PokemonApiConsumer" */ = {
			isa = XCConfigurationList;
			buildConfigurations = (
				C5BAA5C82B6924EF00D99745 /* Debug */,
				C5BAA5C92B6924EF00D99745 /* Release */,
			);
			defaultConfigurationIsVisible = 0;
			defaultConfigurationName = Release;
		};
		C5BAA5CA2B6924EF00D99745 /* Build configuration list for PBXNativeTarget "PokemonApiConsumer" */ = {
			isa = XCConfigurationList;
			buildConfigurations = (
				C5BAA5CB2B6924EF00D99745 /* Debug */,
				C5BAA5CC2B6924EF00D99745 /* Release */,
			);
			defaultConfigurationIsVisible = 0;
			defaultConfigurationName = Release;
		};
/* End XCConfigurationList section */
	};
	rootObject = C5BAA5AE2B6924EC00D99745 /* Project object */;
}
